{
  "name": "model-worklog-workspace",
  "version": "0.1.14",
  "lockfileVersion": 3,
  "requires": true,
  "packages": {
    "": {
      "name": "model-worklog-workspace",
      "version": "0.1.14",
      "license": "MIT",
      "workspaces": [
        "packages/*",
        "apps/cli",
        "apps/local-supervisor"
      ],
      "devDependencies": {
        "@types/node": "26.x",
        "typescript": "^6.0.3"
      },
      "engines": {
        "node": ">=22"
      }
    },
    "apps/cli": {
      "name": "model-worklog",
      "version": "0.1.14",
      "license": "MIT",
      "dependencies": {
        "model-worklog-schema": "^0.1.14",
        "model-worklog-supervisor": "^0.1.14"
      },
      "bin": {
        "model-worklog": "dist/bin.js"
      },
      "engines": {
        "node": ">=22"
      }
    },
    "apps/local-supervisor": {
      "name": "model-worklog-supervisor",
      "version": "0.1.14",
      "license": "MIT",
      "dependencies": {
        "model-worklog-schema": "^0.1.14",
        "model-worklog-sdk": "^0.1.14"
      },
      "bin": {
        "model-worklog-supervisor": "dist/main.js"
      },
      "engines": {
        "node": ">=22"
      }
    },
    "node_modules/@types/node": {
      "version": "26.5.1",
      "resolved": "https://registry.npmjs.org/@types/node/-/node-26.5.1.tgz",
      "integrity": "sha512-CzNm2FezW4VR/LjG6yUdiEgLE/rAQ9Slj5gCu/C2VrdcW7I0ahNZ8DRbHT7zOZ6r3ONgd/bsQIeSaoDGrd1C6g==",
      "dev": true,
      "license": "MIT",
      "dependencies": {
        "undici-types": "~8.9.0"
      }
    },
    "node_modules/model-worklog": {
      "resolved": "apps/cli",
      "link": true
    },
    "node_modules/model-worklog-schema": {
      "resolved": "packages/event-schema",
      "link": true
    },
    "node_modules/model-worklog-sdk": {
      "resolved": "packages/adapter-sdk",
      "link": true
    },
    "node_modules/model-worklog-supervisor": {
      "resolved": "apps/local-supervisor",
      "link": true
    },
    "node_modules/typescript": {
      "version": "6.0.3",
      "resolved": "https://registry.npmjs.org/typescript/-/typescript-6.0.3.tgz",
      "integrity": "sha512-y2TvuxSZPDyQakkFRPZHKFm+KKVqIisdg9/CZwm9ftvKXLP8NRWj38/ODjNbr43SsoXqNuAisEf1GdCxqWcdBw==",
      "dev": true,
      "license": "Apache-2.0",
      "bin": {
        "tsc": "bin/tsc",
        "tsserver": "bin/tsserver"
      },
      "engines": {
        "node": ">=14.17"
      }
    },
    "node_modules/undici-types": {
      "version": "8.9.0",
      "resolved": "https://registry.npmjs.org/undici-types/-/undici-types-8.9.0.tgz",
      "integrity": "sha512-KTDyRTYX8sWmKXAikPHHSyc63CRPETMctyjKFupcC6OBLXT3xsN0e9aF7m+mIXutFWpUXuedtowG7iLOzp0kQg==",
      "dev": true,
      "license": "MIT"
    },
    "packages/adapter-sdk": {
      "name": "model-worklog-sdk",
      "version": "0.1.14",
      "license": "MIT",
      "dependencies": {
        "model-worklog-schema": "^0.1.14"
      },
      "engines": {
        "node": ">=22"
      }
    },
    "packages/event-schema": {
      "name": "model-worklog-schema",
      "version": "0.1.14",
      "license": "MIT",
      "engines": {
        "node": ">=22"
      }
    }
  }
}
