{
  "name": "model-worklog-workspace",
  "version": "0.1.14",
  "lockfileVersion": 3,
  "requires": true,
  "packages": {
    "": {
      "name": "model-worklog-workspace",
      "version": "0.1.14",
      "license": "MIT",
      "workspaces": [
        "packages/*",
        "apps/cli",
        "apps/local-supervisor"
      ],
      "devDependencies": {
        "@types/node": "24.x",
        "typescript": "^6.0.3"
      },
      "engines": {
        "node": ">=22"
      }
    },
    "apps/cli": {
      "name": "model-worklog",
      "version": "0.1.14",
      "license": "MIT",
      "dependencies": {
        "model-worklog-schema": "^0.1.14",
        "model-worklog-supervisor": "^0.1.14"
      },
      "bin": {
        "model-worklog": "dist/bin.js"
      },
      "engines": {
        "node": ">=22"
      }
    },
    "apps/local-supervisor": {
      "name": "model-worklog-supervisor",
      "version": "0.1.14",
      "license": "MIT",
      "dependencies": {
        "model-worklog-schema": "^0.1.14",
        "model-worklog-sdk": "^0.1.14"
      },
      "bin": {
        "model-worklog-supervisor": "dist/main.js"
      },
      "engines": {
        "node": ">=22"
      }
    },
    "node_modules/@types/node": {
      "version": "24.13.4",
      "resolved": "https://registry.npmjs.org/@types/node/-/node-24.13.4.tgz",
      "integrity": "sha512-YJ7EqCstVTzIr0fMr7qul/977en+pQHrfmuKIo6Zr9i75Be21dr3MovcfvGtyvi2HAUrRerWps5sMO9I7WaxDw==",
      "dev": true,
      "license": "MIT",
      "dependencies": {
        "undici-types": "~7.18.0"
      }
    },
    "node_modules/model-worklog": {
      "resolved": "apps/cli",
      "link": true
    },
    "node_modules/model-worklog-schema": {
      "resolved": "packages/event-schema",
      "link": true
    },
    "node_modules/model-worklog-sdk": {
      "resolved": "packages/adapter-sdk",
      "link": true
    },
    "node_modules/model-worklog-supervisor": {
      "resolved": "apps/local-supervisor",
      "link": true
    },
    "node_modules/typescript": {
      "version": "6.0.3",
      "resolved": "https://registry.npmjs.org/typescript/-/typescript-6.0.3.tgz",
      "integrity": "sha512-y2TvuxSZPDyQakkFRPZHKFm+KKVqIisdg9/CZwm9ftvKXLP8NRWj38/ODjNbr43SsoXqNuAisEf1GdCxqWcdBw==",
      "dev": true,
      "license": "Apache-2.0",
      "bin": {
        "tsc": "bin/tsc",
        "tsserver": "bin/tsserver"
      },
      "engines": {
        "node": ">=14.17"
      }
    },
    "node_modules/undici-types": {
      "version": "7.18.2",
      "resolved": "https://registry.npmjs.org/undici-types/-/undici-types-7.18.2.tgz",
      "integrity": "sha512-AsuCzffGHJybSaRrmr5eHr81mwJU3kjw6M+uprWvCXiNeN9SOGwQ3Jn8jb8m3Z6izVgknn1R0FTCEAP2QrLY/w==",
      "dev": true,
      "license": "MIT"
    },
    "packages/adapter-sdk": {
      "name": "model-worklog-sdk",
      "version": "0.1.14",
      "license": "MIT",
      "dependencies": {
        "model-worklog-schema": "^0.1.14"
      },
      "engines": {
        "node": ">=22"
      }
    },
    "packages/event-schema": {
      "name": "model-worklog-schema",
      "version": "0.1.14",
      "license": "MIT",
      "engines": {
        "node": ">=22"
      }
    }
  }
}
